
Microsoft Visual Studio Solution File, Format Version 12.00
# Visual Studio Version 16
VisualStudioVersion = 16.0.29409.12
MinimumVisualStudioVersion = 10.0.40219.1
Project("{FAE04EC0-301F-11D3-BF4B-00C04F79EFBC}") = "Network_Lock.Android", "Network_Lock\Network_Lock.Android\Network_Lock.Android.csproj", "{65B751A6-248D-4DFE-9778-C25B86D5DB16}"
EndProject
Project("{FAE04EC0-301F-11D3-BF4B-00C04F79EFBC}") = "Network_Lock.iOS", "Network_Lock\Network_Lock.iOS\Network_Lock.iOS.csproj", "{786F0FEA-9039-4BFD-BC9D-4712F93BBA88}"
EndProject
Project("{9A19103F-16F7-4668-BE54-9A1E7A4F7556}") = "Network_Lock", "Network_Lock\Network_Lock\Network_Lock.csproj", "{03F41AD1-3BCA-415F-8F81-CC7AC1E83BCE}"
EndProject
Global
	GlobalSection(SolutionConfigurationPlatforms) = preSolution
		Debug|Any CPU = Debug|Any CPU
		Debug|iPhone = Debug|iPhone
		Debug|iPhoneSimulator = Debug|iPhoneSimulator
		Release|Any CPU = Release|Any CPU
		Release|iPhone = Release|iPhone
		Release|iPhoneSimulator = Release|iPhoneSimulator
	EndGlobalSection
	GlobalSection(ProjectConfigurationPlatforms) = postSolution
		{65B751A6-248D-4DFE-9778-C25B86D5DB16}.Debug|Any CPU.ActiveCfg = Debug|Any CPU
		{65B751A6-248D-4DFE-9778-C25B86D5DB16}.Debug|Any CPU.Build.0 = Debug|Any CPU
		{65B751A6-248D-4DFE-9778-C25B86D5DB16}.Debug|Any CPU.Deploy.0 = Debug|Any CPU
		{65B751A6-248D-4DFE-9778-C25B86D5DB16}.Debug|iPhone.ActiveCfg = Debug|Any CPU
		{65B751A6-248D-4DFE-9778-C25B86D5DB16}.Debug|iPhone.Build.0 = Debug|Any CPU
		{65B751A6-248D-4DFE-9778-C25B86D5DB16}.Debug|iPhone.Deploy.0 = Debug|Any CPU
		{65B751A6-248D-4DFE-9778-C25B86D5DB16}.Debug|iPhoneSimulator.ActiveCfg = Debug|Any CPU
		{65B751A6-248D-4DFE-9778-C25B86D5DB16}.Debug|iPhoneSimulator.Build.0 = Debug|Any CPU
		{65B751A6-248D-4DFE-9778-C25B86D5DB16}.Debug|iPhoneSimulator.Deploy.0 = Debug|Any CPU
		{65B751A6-248D-4DFE-9778-C25B86D5DB16}.Release|Any CPU.ActiveCfg = Release|Any CPU
		{65B751A6-248D-4DFE-9778-C25B86D5DB16}.Release|Any CPU.Build.0 = Release|Any CPU
		{65B751A6-248D-4DFE-9778-C25B86D5DB16}.Release|Any CPU.Deploy.0 = Release|Any CPU
		{65B751A6-248D-4DFE-9778-C25B86D5DB16}.Release|iPhone.ActiveCfg = Release|Any CPU
		{65B751A6-248D-4DFE-9778-C25B86D5DB16}.Release|iPhone.Build.0 = Release|Any CPU
		{65B751A6-248D-4DFE-9778-C25B86D5DB16}.Release|iPhone.Deploy.0 = Release|Any CPU
		{65B751A6-248D-4DFE-9778-C25B86D5DB16}.Release|iPhoneSimulator.ActiveCfg = Release|Any CPU
		{65B751A6-248D-4DFE-9778-C25B86D5DB16}.Release|iPhoneSimulator.Build.0 = Release|Any CPU
		{65B751A6-248D-4DFE-9778-C25B86D5DB16}.Release|iPhoneSimulator.Deploy.0 = Release|Any CPU
		{786F0FEA-9039-4BFD-BC9D-4712F93BBA88}.Debug|Any CPU.ActiveCfg = Debug|iPhoneSimulator
		{786F0FEA-9039-4BFD-BC9D-4712F93BBA88}.Debug|Any CPU.Build.0 = Debug|iPhoneSimulator
		{786F0FEA-9039-4BFD-BC9D-4712F93BBA88}.Debug|Any CPU.Deploy.0 = Debug|iPhoneSimulator
		{786F0FEA-9039-4BFD-BC9D-4712F93BBA88}.Debug|iPhone.ActiveCfg = Debug|iPhone
		{786F0FEA-9039-4BFD-BC9D-4712F93BBA88}.Debug|iPhone.Build.0 = Debug|iPhone
		{786F0FEA-9039-4BFD-BC9D-4712F93BBA88}.Debug|iPhone.Deploy.0 = Debug|iPhone
		{786F0FEA-9039-4BFD-BC9D-4712F93BBA88}.Debug|iPhoneSimulator.ActiveCfg = Debug|iPhoneSimulator
		{786F0FEA-9039-4BFD-BC9D-4712F93BBA88}.Debug|iPhoneSimulator.Build.0 = Debug|iPhoneSimulator
		{786F0FEA-9039-4BFD-BC9D-4712F93BBA88}.Debug|iPhoneSimulator.Deploy.0 = Debug|iPhoneSimulator
		{786F0FEA-9039-4BFD-BC9D-4712F93BBA88}.Release|Any CPU.ActiveCfg = Release|iPhone
		{786F0FEA-9039-4BFD-BC9D-4712F93BBA88}.Release|Any CPU.Build.0 = Release|iPhone
		{786F0FEA-9039-4BFD-BC9D-4712F93BBA88}.Release|Any CPU.Deploy.0 = Release|iPhone
		{786F0FEA-9039-4BFD-BC9D-4712F93BBA88}.Release|iPhone.ActiveCfg = Release|iPhone
		{786F0FEA-9039-4BFD-BC9D-4712F93BBA88}.Release|iPhone.Build.0 = Release|iPhone
		{786F0FEA-9039-4BFD-BC9D-4712F93BBA88}.Release|iPhone.Deploy.0 = Release|iPhone
		{786F0FEA-9039-4BFD-BC9D-4712F93BBA88}.Release|iPhoneSimulator.ActiveCfg = Release|iPhoneSimulator
		{786F0FEA-9039-4BFD-BC9D-4712F93BBA88}.Release|iPhoneSimulator.Build.0 = Release|iPhoneSimulator
		{786F0FEA-9039-4BFD-BC9D-4712F93BBA88}.Release|iPhoneSimulator.Deploy.0 = Release|iPhoneSimulator
		{03F41AD1-3BCA-415F-8F81-CC7AC1E83BCE}.Debug|Any CPU.ActiveCfg = Debug|Any CPU
		{03F41AD1-3BCA-415F-8F81-CC7AC1E83BCE}.Debug|Any CPU.Build.0 = Debug|Any CPU
		{03F41AD1-3BCA-415F-8F81-CC7AC1E83BCE}.Debug|Any CPU.Deploy.0 = Debug|Any CPU
		{03F41AD1-3BCA-415F-8F81-CC7AC1E83BCE}.Debug|iPhone.ActiveCfg = Debug|Any CPU
		{03F41AD1-3BCA-415F-8F81-CC7AC1E83BCE}.Debug|iPhone.Build.0 = Debug|Any CPU
		{03F41AD1-3BCA-415F-8F81-CC7AC1E83BCE}.Debug|iPhone.Deploy.0 = Debug|Any CPU
		{03F41AD1-3BCA-415F-8F81-CC7AC1E83BCE}.Debug|iPhoneSimulator.ActiveCfg = Debug|Any CPU
		{03F41AD1-3BCA-415F-8F81-CC7AC1E83BCE}.Debug|iPhoneSimulator.Build.0 = Debug|Any CPU
		{03F41AD1-3BCA-415F-8F81-CC7AC1E83BCE}.Debug|iPhoneSimulator.Deploy.0 = Debug|Any CPU
		{03F41AD1-3BCA-415F-8F81-CC7AC1E83BCE}.Release|Any CPU.ActiveCfg = Release|Any CPU
		{03F41AD1-3BCA-415F-8F81-CC7AC1E83BCE}.Release|Any CPU.Build.0 = Release|Any CPU
		{03F41AD1-3BCA-415F-8F81-CC7AC1E83BCE}.Release|Any CPU.Deploy.0 = Release|Any CPU
		{03F41AD1-3BCA-415F-8F81-CC7AC1E83BCE}.Release|iPhone.ActiveCfg = Release|Any CPU
		{03F41AD1-3BCA-415F-8F81-CC7AC1E83BCE}.Release|iPhone.Build.0 = Release|Any CPU
		{03F41AD1-3BCA-415F-8F81-CC7AC1E83BCE}.Release|iPhone.Deploy.0 = Release|Any CPU
		{03F41AD1-3BCA-415F-8F81-CC7AC1E83BCE}.Release|iPhoneSimulator.ActiveCfg = Release|Any CPU
		{03F41AD1-3BCA-415F-8F81-CC7AC1E83BCE}.Release|iPhoneSimulator.Build.0 = Release|Any CPU
		{03F41AD1-3BCA-415F-8F81-CC7AC1E83BCE}.Release|iPhoneSimulator.Deploy.0 = Release|Any CPU
	EndGlobalSection
	GlobalSection(SolutionProperties) = preSolution
		HideSolutionNode = FALSE
	EndGlobalSection
	GlobalSection(ExtensibilityGlobals) = postSolution
		SolutionGuid = {57DA731F-9B70-4E64-B808-1EB268881A38}
	EndGlobalSection
EndGlobal
